
Microsoft Visual Studio Solution File, Format Version 12.00
# Visual Studio Version 17
VisualStudioVersion = 17.9.34723.18
MinimumVisualStudioVersion = 10.0.40219.1
Project("{FAE04EC0-301F-11D3-BF4B-00C04F79EFBC}") = "Visitor", "Visitor\Visitor.csproj", "{4F28A2E0-327E-4A6F-9773-42DB8BFCD5A8}"
EndProject
Global
	GlobalSection(SolutionConfigurationPlatforms) = preSolution
		Debug|Any CPU = Debug|Any CPU
		Release|Any CPU = Release|Any CPU
	EndGlobalSection
	GlobalSection(ProjectConfigurationPlatforms) = postSolution
		{4F28A2E0-327E-4A6F-9773-42DB8BFCD5A8}.Debug|Any CPU.ActiveCfg = Debug|Any CPU
		{4F28A2E0-327E-4A6F-9773-42DB8BFCD5A8}.Debug|Any CPU.Build.0 = Debug|Any CPU
		{4F28A2E0-327E-4A6F-9773-42DB8BFCD5A8}.Release|Any CPU.ActiveCfg = Release|Any CPU
		{4F28A2E0-327E-4A6F-9773-42DB8BFCD5A8}.Release|Any CPU.Build.0 = Release|Any CPU
	EndGlobalSection
	GlobalSection(SolutionProperties) = preSolution
		HideSolutionNode = FALSE
	EndGlobalSection
	GlobalSection(ExtensibilityGlobals) = postSolution
		SolutionGuid = {73A848E3-35F4-4C9D-8ED7-647F517F8726}
	EndGlobalSection
EndGlobal
