
Microsoft Visual Studio Solution File, Format Version 12.00
# Visual Studio Version 17
VisualStudioVersion = 17.9.34622.214
MinimumVisualStudioVersion = 10.0.40219.1
Project("{FAE04EC0-301F-11D3-BF4B-00C04F79EFBC}") = "AbstractFactory", "AbstractFactory\AbstractFactory.csproj", "{E2795CB5-750B-403D-914E-AC6F411EADD8}"
EndProject
Global
	GlobalSection(SolutionConfigurationPlatforms) = preSolution
		Debug|Any CPU = Debug|Any CPU
		Release|Any CPU = Release|Any CPU
	EndGlobalSection
	GlobalSection(ProjectConfigurationPlatforms) = postSolution
		{E2795CB5-750B-403D-914E-AC6F411EADD8}.Debug|Any CPU.ActiveCfg = Debug|Any CPU
		{E2795CB5-750B-403D-914E-AC6F411EADD8}.Debug|Any CPU.Build.0 = Debug|Any CPU
		{E2795CB5-750B-403D-914E-AC6F411EADD8}.Release|Any CPU.ActiveCfg = Release|Any CPU
		{E2795CB5-750B-403D-914E-AC6F411EADD8}.Release|Any CPU.Build.0 = Release|Any CPU
	EndGlobalSection
	GlobalSection(SolutionProperties) = preSolution
		HideSolutionNode = FALSE
	EndGlobalSection
	GlobalSection(ExtensibilityGlobals) = postSolution
		SolutionGuid = {C5F42CEC-BDD7-434C-89C1-E17230CA0E82}
	EndGlobalSection
EndGlobal
