
Microsoft Visual Studio Solution File, Format Version 12.00
# Visual Studio Version 17
VisualStudioVersion = 17.9.34622.214
MinimumVisualStudioVersion = 10.0.40219.1
Project("{FAE04EC0-301F-11D3-BF4B-00C04F79EFBC}") = "ProxyPatternDemo", "ProxyPatternDemo\ProxyPatternDemo.csproj", "{BA5D5FAE-8972-47A4-9894-919C76545760}"
EndProject
Global
	GlobalSection(SolutionConfigurationPlatforms) = preSolution
		Debug|Any CPU = Debug|Any CPU
		Release|Any CPU = Release|Any CPU
	EndGlobalSection
	GlobalSection(ProjectConfigurationPlatforms) = postSolution
		{BA5D5FAE-8972-47A4-9894-919C76545760}.Debug|Any CPU.ActiveCfg = Debug|Any CPU
		{BA5D5FAE-8972-47A4-9894-919C76545760}.Debug|Any CPU.Build.0 = Debug|Any CPU
		{BA5D5FAE-8972-47A4-9894-919C76545760}.Release|Any CPU.ActiveCfg = Release|Any CPU
		{BA5D5FAE-8972-47A4-9894-919C76545760}.Release|Any CPU.Build.0 = Release|Any CPU
	EndGlobalSection
	GlobalSection(SolutionProperties) = preSolution
		HideSolutionNode = FALSE
	EndGlobalSection
	GlobalSection(ExtensibilityGlobals) = postSolution
		SolutionGuid = {75205178-DA29-486A-BC0A-83A2867F2192}
	EndGlobalSection
EndGlobal
